// !$*UTF8*$!
{
	archiveVersion = 1;
	classes = {
	};
	objectVersion = 56;
	objects = {

/* Begin PBXBuildFile section */
		9E6558782AD6C8FF00FCA92C /* AppDelegate.swift in Sources */ = {isa = PBXBuildFile; fileRef = 9E6558772AD6C8FF00FCA92C /* AppDelegate.swift */; };
		9E65587A2AD6C8FF00FCA92C /* SceneDelegate.swift in Sources */ = {isa = PBXBuildFile; fileRef = 9E6558792AD6C8FF00FCA92C /* SceneDelegate.swift */; };
		9E65587C2AD6C8FF00FCA92C /* ViewController.swift in Sources */ = {isa = PBXBuildFile; fileRef = 9E65587B2AD6C8FF00FCA92C /* ViewController.swift */; };
		9E65587F2AD6C8FF00FCA92C /* Main.storyboard in Resources */ = {isa = PBXBuildFile; fileRef = 9E65587D2AD6C8FF00FCA92C /* Main.storyboard */; };
		9E6558812AD6C90100FCA92C /* Assets.xcassets in Resources */ = {isa = PBXBuildFile; fileRef = 9E6558802AD6C90100FCA92C /* Assets.xcassets */; };
		9E6558842AD6C90100FCA92C /* LaunchScreen.storyboard in Resources */ = {isa = PBXBuildFile; fileRef = 9E6558822AD6C90100FCA92C /* LaunchScreen.storyboard */; };
		9E65588E2AD6F8CB00FCA92C /* HomeViewModel.swift in Sources */ = {isa = PBXBuildFile; fileRef = 9E65588D2AD6F8CB00FCA92C /* HomeViewModel.swift */; };
		9E6558942AD70E1800FCA92C /* HomeViewController.swift in Sources */ = {isa = PBXBuildFile; fileRef = 9E6558932AD70E1800FCA92C /* HomeViewController.swift */; };
		9E6558B32AD73A2300FCA92C /* FoodResponse.swift in Sources */ = {isa = PBXBuildFile; fileRef = 9E6558B22AD73A2300FCA92C /* FoodResponse.swift */; };
		9E6558B52AD73A4B00FCA92C /* FoodDescription.swift in Sources */ = {isa = PBXBuildFile; fileRef = 9E6558B42AD73A4B00FCA92C /* FoodDescription.swift */; };
		9E6558B72AD73A6000FCA92C /* CartFoodsResponse.swift in Sources */ = {isa = PBXBuildFile; fileRef = 9E6558B62AD73A6000FCA92C /* CartFoodsResponse.swift */; };
		9E9A84412AE2BEC000E179F4 /* File.swift in Sources */ = {isa = PBXBuildFile; fileRef = 9E9A84402AE2BEC000E179F4 /* File.swift */; };
		9E9E2E322AD8196800999AA3 /* Kingfisher in Frameworks */ = {isa = PBXBuildFile; productRef = 9E9E2E312AD8196800999AA3 /* Kingfisher */; };
		9E9E2E352AD81A2900999AA3 /* NetworkManager.swift in Sources */ = {isa = PBXBuildFile; fileRef = 9E9E2E342AD81A2900999AA3 /* NetworkManager.swift */; };
		9E9E2E382AD81A4500999AA3 /* Alamofire in Frameworks */ = {isa = PBXBuildFile; productRef = 9E9E2E372AD81A4500999AA3 /* Alamofire */; };
		9E9E2E3A2AD81A8700999AA3 /* NetworkHepler.swift in Sources */ = {isa = PBXBuildFile; fileRef = 9E9E2E392AD81A8700999AA3 /* NetworkHepler.swift */; };
		9E9E2E3C2AD820F900999AA3 /* FoodsHelper.swift in Sources */ = {isa = PBXBuildFile; fileRef = 9E9E2E3B2AD820F900999AA3 /* FoodsHelper.swift */; };
		9E9E2E3F2AD83CD200999AA3 /* FoodManager.swift in Sources */ = {isa = PBXBuildFile; fileRef = 9E9E2E3E2AD83CD200999AA3 /* FoodManager.swift */; };
		9E9E2E452AD9586E00999AA3 /* Network.swift in Sources */ = {isa = PBXBuildFile; fileRef = 9E9E2E442AD9586E00999AA3 /* Network.swift */; };
		9E9E2E482AD9741B00999AA3 /* FoodCollectionViewCell.swift in Sources */ = {isa = PBXBuildFile; fileRef = 9E9E2E462AD9741B00999AA3 /* FoodCollectionViewCell.swift */; };
		9E9E2E492AD9741B00999AA3 /* FoodCollectionViewCell.xib in Resources */ = {isa = PBXBuildFile; fileRef = 9E9E2E472AD9741B00999AA3 /* FoodCollectionViewCell.xib */; };
		9ED3652F2ADABAC700A2DA33 /* DetailViewController.swift in Sources */ = {isa = PBXBuildFile; fileRef = 9ED3652D2ADABAC700A2DA33 /* DetailViewController.swift */; };
		9ED365302ADABAC700A2DA33 /* DetailViewController.xib in Resources */ = {isa = PBXBuildFile; fileRef = 9ED3652E2ADABAC700A2DA33 /* DetailViewController.xib */; };
		9ED365322ADABAD900A2DA33 /* DetailViewModel.swift in Sources */ = {isa = PBXBuildFile; fileRef = 9ED365312ADABAD900A2DA33 /* DetailViewModel.swift */; };
		9ED365352ADACCE700A2DA33 /* BasketViewController.swift in Sources */ = {isa = PBXBuildFile; fileRef = 9ED365342ADACCE700A2DA33 /* BasketViewController.swift */; };
		9ED365382ADACDAA00A2DA33 /* BasletTableViewCell.swift in Sources */ = {isa = PBXBuildFile; fileRef = 9ED365362ADACDAA00A2DA33 /* BasletTableViewCell.swift */; };
		9ED365392ADACDAA00A2DA33 /* BasletTableViewCell.xib in Resources */ = {isa = PBXBuildFile; fileRef = 9ED365372ADACDAA00A2DA33 /* BasletTableViewCell.xib */; };
/* End PBXBuildFile section */

/* Begin PBXFileReference section */
		9E6558742AD6C8FF00FCA92C /* Uggy.app */ = {isa = PBXFileReference; explicitFileType = wrapper.application; includeInIndex = 0; path = Uggy.app; sourceTree = BUILT_PRODUCTS_DIR; };
		9E6558772AD6C8FF00FCA92C /* AppDelegate.swift */ = {isa = PBXFileReference; lastKnownFileType = sourcecode.swift; path = AppDelegate.swift; sourceTree = "<group>"; };
		9E6558792AD6C8FF00FCA92C /* SceneDelegate.swift */ = {isa = PBXFileReference; lastKnownFileType = sourcecode.swift; path = SceneDelegate.swift; sourceTree = "<group>"; };
		9E65587B2AD6C8FF00FCA92C /* ViewController.swift */ = {isa = PBXFileReference; lastKnownFileType = sourcecode.swift; path = ViewController.swift; sourceTree = "<group>"; };
		9E65587E2AD6C8FF00FCA92C /* Base */ = {isa = PBXFileReference; lastKnownFileType = file.storyboard; name = Base; path = Base.lproj/Main.storyboard; sourceTree = "<group>"; };
		9E6558802AD6C90100FCA92C /* Assets.xcassets */ = {isa = PBXFileReference; lastKnownFileType = folder.assetcatalog; path = Assets.xcassets; sourceTree = "<group>"; };
		9E6558832AD6C90100FCA92C /* Base */ = {isa = PBXFileReference; lastKnownFileType = file.storyboard; name = Base; path = Base.lproj/LaunchScreen.storyboard; sourceTree = "<group>"; };
		9E6558852AD6C90100FCA92C /* Info.plist */ = {isa = PBXFileReference; lastKnownFileType = text.plist.xml; path = Info.plist; sourceTree = "<group>"; };
		9E65588D2AD6F8CB00FCA92C /* HomeViewModel.swift */ = {isa = PBXFileReference; lastKnownFileType = sourcecode.swift; path = HomeViewModel.swift; sourceTree = "<group>"; };
		9E6558932AD70E1800FCA92C /* HomeViewController.swift */ = {isa = PBXFileReference; lastKnownFileType = sourcecode.swift; path = HomeViewController.swift; sourceTree = "<group>"; };
		9E6558B22AD73A2300FCA92C /* FoodResponse.swift */ = {isa = PBXFileReference; lastKnownFileType = sourcecode.swift; path = FoodResponse.swift; sourceTree = "<group>"; };
		9E6558B42AD73A4B00FCA92C /* FoodDescription.swift */ = {isa = PBXFileReference; lastKnownFileType = sourcecode.swift; path = FoodDescription.swift; sourceTree = "<group>"; };
		9E6558B62AD73A6000FCA92C /* CartFoodsResponse.swift */ = {isa = PBXFileReference; lastKnownFileType = sourcecode.swift; path = CartFoodsResponse.swift; sourceTree = "<group>"; };
		9E9A84402AE2BEC000E179F4 /* File.swift */ = {isa = PBXFileReference; lastKnownFileType = sourcecode.swift; path = File.swift; sourceTree = "<group>"; };
		9E9E2E342AD81A2900999AA3 /* NetworkManager.swift */ = {isa = PBXFileReference; lastKnownFileType = sourcecode.swift; path = NetworkManager.swift; sourceTree = "<group>"; };
		9E9E2E392AD81A8700999AA3 /* NetworkHepler.swift */ = {isa = PBXFileReference; lastKnownFileType = sourcecode.swift; path = NetworkHepler.swift; sourceTree = "<group>"; };
		9E9E2E3B2AD820F900999AA3 /* FoodsHelper.swift */ = {isa = PBXFileReference; lastKnownFileType = sourcecode.swift; path = FoodsHelper.swift; sourceTree = "<group>"; };
		9E9E2E3E2AD83CD200999AA3 /* FoodManager.swift */ = {isa = PBXFileReference; lastKnownFileType = sourcecode.swift; path = FoodManager.swift; sourceTree = "<group>"; };
		9E9E2E442AD9586E00999AA3 /* Network.swift */ = {isa = PBXFileReference; lastKnownFileType = sourcecode.swift; path = Network.swift; sourceTree = "<group>"; };
		9E9E2E462AD9741B00999AA3 /* FoodCollectionViewCell.swift */ = {isa = PBXFileReference; lastKnownFileType = sourcecode.swift; path = FoodCollectionViewCell.swift; sourceTree = "<group>"; };
		9E9E2E472AD9741B00999AA3 /* FoodCollectionViewCell.xib */ = {isa = PBXFileReference; lastKnownFileType = file.xib; path = FoodCollectionViewCell.xib; sourceTree = "<group>"; };
		9ED3652D2ADABAC700A2DA33 /* DetailViewController.swift */ = {isa = PBXFileReference; lastKnownFileType = sourcecode.swift; path = DetailViewController.swift; sourceTree = "<group>"; };
		9ED3652E2ADABAC700A2DA33 /* DetailViewController.xib */ = {isa = PBXFileReference; lastKnownFileType = file.xib; path = DetailViewController.xib; sourceTree = "<group>"; };
		9ED365312ADABAD900A2DA33 /* DetailViewModel.swift */ = {isa = PBXFileReference; lastKnownFileType = sourcecode.swift; path = DetailViewModel.swift; sourceTree = "<group>"; };
		9ED365342ADACCE700A2DA33 /* BasketViewController.swift */ = {isa = PBXFileReference; lastKnownFileType = sourcecode.swift; path = BasketViewController.swift; sourceTree = "<group>"; };
		9ED365362ADACDAA00A2DA33 /* BasletTableViewCell.swift */ = {isa = PBXFileReference; lastKnownFileType = sourcecode.swift; path = BasletTableViewCell.swift; sourceTree = "<group>"; };
		9ED365372ADACDAA00A2DA33 /* BasletTableViewCell.xib */ = {isa = PBXFileReference; lastKnownFileType = file.xib; path = BasletTableViewCell.xib; sourceTree = "<group>"; };
/* End PBXFileReference section */

/* Begin PBXFrameworksBuildPhase section */
		9E6558712AD6C8FF00FCA92C /* Frameworks */ = {
			isa = PBXFrameworksBuildPhase;
			buildActionMask = 2147483647;
			files = (
				9E9E2E322AD8196800999AA3 /* Kingfisher in Frameworks */,
				9E9E2E382AD81A4500999AA3 /* Alamofire in Frameworks */,
			);
			runOnlyForDeploymentPostprocessing = 0;
		};
/* End PBXFrameworksBuildPhase section */

/* Begin PBXGroup section */
		9E65586B2AD6C8FF00FCA92C = {
			isa = PBXGroup;
			children = (
				9E6558762AD6C8FF00FCA92C /* Uggy */,
				9E6558752AD6C8FF00FCA92C /* Products */,
			);
			sourceTree = "<group>";
		};
		9E6558752AD6C8FF00FCA92C /* Products */ = {
			isa = PBXGroup;
			children = (
				9E6558742AD6C8FF00FCA92C /* Uggy.app */,
			);
			name = Products;
			sourceTree = "<group>";
		};
		9E6558762AD6C8FF00FCA92C /* Uggy */ = {
			isa = PBXGroup;
			children = (
				9E9A843F2AE2BEB400E179F4 /* Log */,
				9ED365332ADACC0D00A2DA33 /* Basket */,
				9ED3652A2ADABA8B00A2DA33 /* Detail */,
				9E9E2E332AD819F400999AA3 /* Network */,
				9E6558AF2AD7154600FCA92C /* App */,
				9E6558952AD7149800FCA92C /* Models */,
				9E65588F2AD6F8CF00FCA92C /* Home */,
				9E65587D2AD6C8FF00FCA92C /* Main.storyboard */,
				9E6558802AD6C90100FCA92C /* Assets.xcassets */,
				9E6558822AD6C90100FCA92C /* LaunchScreen.storyboard */,
				9E65587B2AD6C8FF00FCA92C /* ViewController.swift */,
				9E6558852AD6C90100FCA92C /* Info.plist */,
			);
			path = Uggy;
			sourceTree = "<group>";
		};
		9E65588F2AD6F8CF00FCA92C /* Home */ = {
			isa = PBXGroup;
			children = (
				9E6558932AD70E1800FCA92C /* HomeViewController.swift */,
				9E65588D2AD6F8CB00FCA92C /* HomeViewModel.swift */,
				9E9E2E462AD9741B00999AA3 /* FoodCollectionViewCell.swift */,
				9E9E2E472AD9741B00999AA3 /* FoodCollectionViewCell.xib */,
			);
			path = Home;
			sourceTree = "<group>";
		};
		9E6558952AD7149800FCA92C /* Models */ = {
			isa = PBXGroup;
			children = (
				9E6558B22AD73A2300FCA92C /* FoodResponse.swift */,
				9E6558B42AD73A4B00FCA92C /* FoodDescription.swift */,
				9E6558B62AD73A6000FCA92C /* CartFoodsResponse.swift */,
			);
			path = Models;
			sourceTree = "<group>";
		};
		9E6558AF2AD7154600FCA92C /* App */ = {
			isa = PBXGroup;
			children = (
				9E6558772AD6C8FF00FCA92C /* AppDelegate.swift */,
				9E6558792AD6C8FF00FCA92C /* SceneDelegate.swift */,
			);
			path = App;
			sourceTree = "<group>";
		};
		9E9A843F2AE2BEB400E179F4 /* Log */ = {
			isa = PBXGroup;
			children = (
				9E9A84402AE2BEC000E179F4 /* File.swift */,
			);
			path = Log;
			sourceTree = "<group>";
		};
		9E9E2E332AD819F400999AA3 /* Network */ = {
			isa = PBXGroup;
			children = (
				9E9E2E3D2AD8210400999AA3 /* Core */,
				9E9E2E3B2AD820F900999AA3 /* FoodsHelper.swift */,
				9E9E2E3E2AD83CD200999AA3 /* FoodManager.swift */,
				9E9E2E442AD9586E00999AA3 /* Network.swift */,
			);
			path = Network;
			sourceTree = "<group>";
		};
		9E9E2E3D2AD8210400999AA3 /* Core */ = {
			isa = PBXGroup;
			children = (
				9E9E2E342AD81A2900999AA3 /* NetworkManager.swift */,
				9E9E2E392AD81A8700999AA3 /* NetworkHepler.swift */,
			);
			path = Core;
			sourceTree = "<group>";
		};
		9ED3652A2ADABA8B00A2DA33 /* Detail */ = {
			isa = PBXGroup;
			children = (
				9ED365312ADABAD900A2DA33 /* DetailViewModel.swift */,
				9ED3652D2ADABAC700A2DA33 /* DetailViewController.swift */,
				9ED3652E2ADABAC700A2DA33 /* DetailViewController.xib */,
			);
			path = Detail;
			sourceTree = "<group>";
		};
		9ED365332ADACC0D00A2DA33 /* Basket */ = {
			isa = PBXGroup;
			children = (
				9ED365342ADACCE700A2DA33 /* BasketViewController.swift */,
				9ED365362ADACDAA00A2DA33 /* BasletTableViewCell.swift */,
				9ED365372ADACDAA00A2DA33 /* BasletTableViewCell.xib */,
			);
			path = Basket;
			sourceTree = "<group>";
		};
/* End PBXGroup section */

/* Begin PBXNativeTarget section */
		9E6558732AD6C8FF00FCA92C /* Uggy */ = {
			isa = PBXNativeTarget;
			buildConfigurationList = 9E6558882AD6C90100FCA92C /* Build configuration list for PBXNativeTarget "Uggy" */;
			buildPhases = (
				9E6558702AD6C8FF00FCA92C /* Sources */,
				9E6558712AD6C8FF00FCA92C /* Frameworks */,
				9E6558722AD6C8FF00FCA92C /* Resources */,
			);
			buildRules = (
			);
			dependencies = (
			);
			name = Uggy;
			packageProductDependencies = (
				9E9E2E312AD8196800999AA3 /* Kingfisher */,
				9E9E2E372AD81A4500999AA3 /* Alamofire */,
			);
			productName = Uggy;
			productReference = 9E6558742AD6C8FF00FCA92C /* Uggy.app */;
			productType = "com.apple.product-type.application";
		};
/* End PBXNativeTarget section */

/* Begin PBXProject section */
		9E65586C2AD6C8FF00FCA92C /* Project object */ = {
			isa = PBXProject;
			attributes = {
				BuildIndependentTargetsInParallel = 1;
				LastSwiftUpdateCheck = 1420;
				LastUpgradeCheck = 1420;
				TargetAttributes = {
					9E6558732AD6C8FF00FCA92C = {
						CreatedOnToolsVersion = 14.2;
					};
				};
			};
			buildConfigurationList = 9E65586F2AD6C8FF00FCA92C /* Build configuration list for PBXProject "Uggy" */;
			compatibilityVersion = "Xcode 14.0";
			developmentRegion = en;
			hasScannedForEncodings = 0;
			knownRegions = (
				en,
				Base,
			);
			mainGroup = 9E65586B2AD6C8FF00FCA92C;
			packageReferences = (
				9E9E2E302AD8196800999AA3 /* XCRemoteSwiftPackageReference "Kingfisher" */,
				9E9E2E362AD81A4500999AA3 /* XCRemoteSwiftPackageReference "Alamofire" */,
			);
			productRefGroup = 9E6558752AD6C8FF00FCA92C /* Products */;
			projectDirPath = "";
			projectRoot = "";
			targets = (
				9E6558732AD6C8FF00FCA92C /* Uggy */,
			);
		};
/* End PBXProject section */

/* Begin PBXResourcesBuildPhase section */
		9E6558722AD6C8FF00FCA92C /* Resources */ = {
			isa = PBXResourcesBuildPhase;
			buildActionMask = 2147483647;
			files = (
				9E6558842AD6C90100FCA92C /* LaunchScreen.storyboard in Resources */,
				9E6558812AD6C90100FCA92C /* Assets.xcassets in Resources */,
				9ED365392ADACDAA00A2DA33 /* BasletTableViewCell.xib in Resources */,
				9ED365302ADABAC700A2DA33 /* DetailViewController.xib in Resources */,
				9E9E2E492AD9741B00999AA3 /* FoodCollectionViewCell.xib in Resources */,
				9E65587F2AD6C8FF00FCA92C /* Main.storyboard in Resources */,
			);
			runOnlyForDeploymentPostprocessing = 0;
		};
/* End PBXResourcesBuildPhase section */

/* Begin PBXSourcesBuildPhase section */
		9E6558702AD6C8FF00FCA92C /* Sources */ = {
			isa = PBXSourcesBuildPhase;
			buildActionMask = 2147483647;
			files = (
				9ED365382ADACDAA00A2DA33 /* BasletTableViewCell.swift in Sources */,
				9ED365352ADACCE700A2DA33 /* BasketViewController.swift in Sources */,
				9ED365322ADABAD900A2DA33 /* DetailViewModel.swift in Sources */,
				9E9E2E352AD81A2900999AA3 /* NetworkManager.swift in Sources */,
				9E65587C2AD6C8FF00FCA92C /* ViewController.swift in Sources */,
				9E6558782AD6C8FF00FCA92C /* AppDelegate.swift in Sources */,
				9E6558B72AD73A6000FCA92C /* CartFoodsResponse.swift in Sources */,
				9E9E2E3A2AD81A8700999AA3 /* NetworkHepler.swift in Sources */,
				9E65587A2AD6C8FF00FCA92C /* SceneDelegate.swift in Sources */,
				9E65588E2AD6F8CB00FCA92C /* HomeViewModel.swift in Sources */,
				9ED3652F2ADABAC700A2DA33 /* DetailViewController.swift in Sources */,
				9E9E2E3C2AD820F900999AA3 /* FoodsHelper.swift in Sources */,
				9E6558B52AD73A4B00FCA92C /* FoodDescription.swift in Sources */,
				9E6558B32AD73A2300FCA92C /* FoodResponse.swift in Sources */,
				9E9E2E482AD9741B00999AA3 /* FoodCollectionViewCell.swift in Sources */,
				9E9E2E3F2AD83CD200999AA3 /* FoodManager.swift in Sources */,
				9E6558942AD70E1800FCA92C /* HomeViewController.swift in Sources */,
				9E9A84412AE2BEC000E179F4 /* File.swift in Sources */,
				9E9E2E452AD9586E00999AA3 /* Network.swift in Sources */,
			);
			runOnlyForDeploymentPostprocessing = 0;
		};
/* End PBXSourcesBuildPhase section */

/* Begin PBXVariantGroup section */
		9E65587D2AD6C8FF00FCA92C /* Main.storyboard */ = {
			isa = PBXVariantGroup;
			children = (
				9E65587E2AD6C8FF00FCA92C /* Base */,
			);
			name = Main.storyboard;
			sourceTree = "<group>";
		};
		9E6558822AD6C90100FCA92C /* LaunchScreen.storyboard */ = {
			isa = PBXVariantGroup;
			children = (
				9E6558832AD6C90100FCA92C /* Base */,
			);
			name = LaunchScreen.storyboard;
			sourceTree = "<group>";
		};
/* End PBXVariantGroup section */

/* Begin XCBuildConfiguration section */
		9E6558862AD6C90100FCA92C /* Debug */ = {
			isa = XCBuildConfiguration;
			buildSettings = {
				ALWAYS_SEARCH_USER_PATHS = NO;
				CLANG_ANALYZER_NONNULL = YES;
				CLANG_ANALYZER_NUMBER_OBJECT_CONVERSION = YES_AGGRESSIVE;
				CLANG_CXX_LANGUAGE_STANDARD = "gnu++20";
				CLANG_ENABLE_MODULES = YES;
				CLANG_ENABLE_OBJC_ARC = YES;
				CLANG_ENABLE_OBJC_WEAK = YES;
				CLANG_WARN_BLOCK_CAPTURE_AUTORELEASING = YES;
				CLANG_WARN_BOOL_CONVERSION = YES;
				CLANG_WARN_COMMA = YES;
				CLANG_WARN_CONSTANT_CONVERSION = YES;
				CLANG_WARN_DEPRECATED_OBJC_IMPLEMENTATIONS = YES;
				CLANG_WARN_DIRECT_OBJC_ISA_USAGE = YES_ERROR;
				CLANG_WARN_DOCUMENTATION_COMMENTS = YES;
				CLANG_WARN_EMPTY_BODY = YES;
				CLANG_WARN_ENUM_CONVERSION = YES;
				CLANG_WARN_INFINITE_RECURSION = YES;
				CLANG_WARN_INT_CONVERSION = YES;
				CLANG_WARN_NON_LITERAL_NULL_CONVERSION = YES;
				CLANG_WARN_OBJC_IMPLICIT_RETAIN_SELF = YES;
				CLANG_WARN_OBJC_LITERAL_CONVERSION = YES;
				CLANG_WARN_OBJC_ROOT_CLASS = YES_ERROR;
				CLANG_WARN_QUOTED_INCLUDE_IN_FRAMEWORK_HEADER = YES;
				CLANG_WARN_RANGE_LOOP_ANALYSIS = YES;
				CLANG_WARN_STRICT_PROTOTYPES = YES;
				CLANG_WARN_SUSPICIOUS_MOVE = YES;
				CLANG_WARN_UNGUARDED_AVAILABILITY = YES_AGGRESSIVE;
				CLANG_WARN_UNREACHABLE_CODE = YES;
				CLANG_WARN__DUPLICATE_METHOD_MATCH = YES;
				COPY_PHASE_STRIP = NO;
				DEBUG_INFORMATION_FORMAT = dwarf;
				ENABLE_STRICT_OBJC_MSGSEND = YES;
				ENABLE_TESTABILITY = YES;
				GCC_C_LANGUAGE_STANDARD = gnu11;
				GCC_DYNAMIC_NO_PIC = NO;
				GCC_NO_COMMON_BLOCKS = YES;
				GCC_OPTIMIZATION_LEVEL = 0;
				GCC_PREPROCESSOR_DEFINITIONS = (
					"DEBUG=1",
					"$(inherited)",
				);
				GCC_WARN_64_TO_32_BIT_CONVERSION = YES;
				GCC_WARN_ABOUT_RETURN_TYPE = YES_ERROR;
				GCC_WARN_UNDECLARED_SELECTOR = YES;
				GCC_WARN_UNINITIALIZED_AUTOS = YES_AGGRESSIVE;
				GCC_WARN_UNUSED_FUNCTION = YES;
				GCC_WARN_UNUSED_VARIABLE = YES;
				IPHONEOS_DEPLOYMENT_TARGET = 16.2;
				MTL_ENABLE_DEBUG_INFO = INCLUDE_SOURCE;
				MTL_FAST_MATH = YES;
				ONLY_ACTIVE_ARCH = YES;
				SDKROOT = iphoneos;
				SWIFT_ACTIVE_COMPILATION_CONDITIONS = DEBUG;
				SWIFT_OPTIMIZATION_LEVEL = "-Onone";
			};
			name = Debug;
		};
		9E6558872AD6C90100FCA92C /* Release */ = {
			isa = XCBuildConfiguration;
			buildSettings = {
				ALWAYS_SEARCH_USER_PATHS = NO;
				CLANG_ANALYZER_NONNULL = YES;
				CLANG_ANALYZER_NUMBER_OBJECT_CONVERSION = YES_AGGRESSIVE;
				CLANG_CXX_LANGUAGE_STANDARD = "gnu++20";
				CLANG_ENABLE_MODULES = YES;
				CLANG_ENABLE_OBJC_ARC = YES;
				CLANG_ENABLE_OBJC_WEAK = YES;
				CLANG_WARN_BLOCK_CAPTURE_AUTORELEASING = YES;
				CLANG_WARN_BOOL_CONVERSION = YES;
				CLANG_WARN_COMMA = YES;
				CLANG_WARN_CONSTANT_CONVERSION = YES;
				CLANG_WARN_DEPRECATED_OBJC_IMPLEMENTATIONS = YES;
				CLANG_WARN_DIRECT_OBJC_ISA_USAGE = YES_ERROR;
				CLANG_WARN_DOCUMENTATION_COMMENTS = YES;
				CLANG_WARN_EMPTY_BODY = YES;
				CLANG_WARN_ENUM_CONVERSION = YES;
				CLANG_WARN_INFINITE_RECURSION = YES;
				CLANG_WARN_INT_CONVERSION = YES;
				CLANG_WARN_NON_LITERAL_NULL_CONVERSION = YES;
				CLANG_WARN_OBJC_IMPLICIT_RETAIN_SELF = YES;
				CLANG_WARN_OBJC_LITERAL_CONVERSION = YES;
				CLANG_WARN_OBJC_ROOT_CLASS = YES_ERROR;
				CLANG_WARN_QUOTED_INCLUDE_IN_FRAMEWORK_HEADER = YES;
				CLANG_WARN_RANGE_LOOP_ANALYSIS = YES;
				CLANG_WARN_STRICT_PROTOTYPES = YES;
				CLANG_WARN_SUSPICIOUS_MOVE = YES;
				CLANG_WARN_UNGUARDED_AVAILABILITY = YES_AGGRESSIVE;
				CLANG_WARN_UNREACHABLE_CODE = YES;
				CLANG_WARN__DUPLICATE_METHOD_MATCH = YES;
				COPY_PHASE_STRIP = NO;
				DEBUG_INFORMATION_FORMAT = "dwarf-with-dsym";
				ENABLE_NS_ASSERTIONS = NO;
				ENABLE_STRICT_OBJC_MSGSEND = YES;
				GCC_C_LANGUAGE_STANDARD = gnu11;
				GCC_NO_COMMON_BLOCKS = YES;
				GCC_WARN_64_TO_32_BIT_CONVERSION = YES;
				GCC_WARN_ABOUT_RETURN_TYPE = YES_ERROR;
				GCC_WARN_UNDECLARED_SELECTOR = YES;
				GCC_WARN_UNINITIALIZED_AUTOS = YES_AGGRESSIVE;
				GCC_WARN_UNUSED_FUNCTION = YES;
				GCC_WARN_UNUSED_VARIABLE = YES;
				IPHONEOS_DEPLOYMENT_TARGET = 16.2;
				MTL_ENABLE_DEBUG_INFO = NO;
				MTL_FAST_MATH = YES;
				SDKROOT = iphoneos;
				SWIFT_COMPILATION_MODE = wholemodule;
				SWIFT_OPTIMIZATION_LEVEL = "-O";
				VALIDATE_PRODUCT = YES;
			};
			name = Release;
		};
		9E6558892AD6C90100FCA92C /* Debug */ = {
			isa = XCBuildConfiguration;
			buildSettings = {
				ASSETCATALOG_COMPILER_APPICON_NAME = AppIcon;
				ASSETCATALOG_COMPILER_GLOBAL_ACCENT_COLOR_NAME = AccentColor;
				CODE_SIGN_STYLE = Automatic;
				CURRENT_PROJECT_VERSION = 1;
				DEVELOPMENT_TEAM = M2NC9HQ839;
				GENERATE_INFOPLIST_FILE = YES;
				INFOPLIST_FILE = Uggy/Info.plist;
				INFOPLIST_KEY_UIApplicationSupportsIndirectInputEvents = YES;
				INFOPLIST_KEY_UILaunchStoryboardName = LaunchScreen;
				INFOPLIST_KEY_UIMainStoryboardFile = Main;
				INFOPLIST_KEY_UISupportedInterfaceOrientations_iPad = "UIInterfaceOrientationPortrait UIInterfaceOrientationPortraitUpsideDown UIInterfaceOrientationLandscapeLeft UIInterfaceOrientationLandscapeRight";
				INFOPLIST_KEY_UISupportedInterfaceOrientations_iPhone = "UIInterfaceOrientationPortrait UIInterfaceOrientationLandscapeLeft UIInterfaceOrientationLandscapeRight";
				LD_RUNPATH_SEARCH_PATHS = (
					"$(inherited)",
					"@executable_path/Frameworks",
				);
				MARKETING_VERSION = 1.0;
				PRODUCT_BUNDLE_IDENTIFIER = com.muhammedeneskilicli.Uggy;
				PRODUCT_NAME = "$(TARGET_NAME)";
				SWIFT_EMIT_LOC_STRINGS = YES;
				SWIFT_VERSION = 5.0;
				TARGETED_DEVICE_FAMILY = "1,2";
			};
			name = Debug;
		};
		9E65588A2AD6C90100FCA92C /* Release */ = {
			isa = XCBuildConfiguration;
			buildSettings = {
				ASSETCATALOG_COMPILER_APPICON_NAME = AppIcon;
				ASSETCATALOG_COMPILER_GLOBAL_ACCENT_COLOR_NAME = AccentColor;
				CODE_SIGN_STYLE = Automatic;
				CURRENT_PROJECT_VERSION = 1;
				DEVELOPMENT_TEAM = M2NC9HQ839;
				GENERATE_INFOPLIST_FILE = YES;
				INFOPLIST_FILE = Uggy/Info.plist;
				INFOPLIST_KEY_UIApplicationSupportsIndirectInputEvents = YES;
				INFOPLIST_KEY_UILaunchStoryboardName = LaunchScreen;
				INFOPLIST_KEY_UIMainStoryboardFile = Main;
				INFOPLIST_KEY_UISupportedInterfaceOrientations_iPad = "UIInterfaceOrientationPortrait UIInterfaceOrientationPortraitUpsideDown UIInterfaceOrientationLandscapeLeft UIInterfaceOrientationLandscapeRight";
				INFOPLIST_KEY_UISupportedInterfaceOrientations_iPhone = "UIInterfaceOrientationPortrait UIInterfaceOrientationLandscapeLeft UIInterfaceOrientationLandscapeRight";
				LD_RUNPATH_SEARCH_PATHS = (
					"$(inherited)",
					"@executable_path/Frameworks",
				);
				MARKETING_VERSION = 1.0;
				PRODUCT_BUNDLE_IDENTIFIER = com.muhammedeneskilicli.Uggy;
				PRODUCT_NAME = "$(TARGET_NAME)";
				SWIFT_EMIT_LOC_STRINGS = YES;
				SWIFT_VERSION = 5.0;
				TARGETED_DEVICE_FAMILY = "1,2";
			};
			name = Release;
		};
/* End XCBuildConfiguration section */

/* Begin XCConfigurationList section */
		9E65586F2AD6C8FF00FCA92C /* Build configuration list for PBXProject "Uggy" */ = {
			isa = XCConfigurationList;
			buildConfigurations = (
				9E6558862AD6C90100FCA92C /* Debug */,
				9E6558872AD6C90100FCA92C /* Release */,
			);
			defaultConfigurationIsVisible = 0;
			defaultConfigurationName = Release;
		};
		9E6558882AD6C90100FCA92C /* Build configuration list for PBXNativeTarget "Uggy" */ = {
			isa = XCConfigurationList;
			buildConfigurations = (
				9E6558892AD6C90100FCA92C /* Debug */,
				9E65588A2AD6C90100FCA92C /* Release */,
			);
			defaultConfigurationIsVisible = 0;
			defaultConfigurationName = Release;
		};
/* End XCConfigurationList section */

/* Begin XCRemoteSwiftPackageReference section */
		9E9E2E302AD8196800999AA3 /* XCRemoteSwiftPackageReference "Kingfisher" */ = {
			isa = XCRemoteSwiftPackageReference;
			repositoryURL = "https://github.com/onevcat/Kingfisher.git";
			requirement = {
				branch = master;
				kind = branch;
			};
		};
		9E9E2E362AD81A4500999AA3 /* XCRemoteSwiftPackageReference "Alamofire" */ = {
			isa = XCRemoteSwiftPackageReference;
			repositoryURL = "https://github.com/Alamofire/Alamofire";
			requirement = {
				branch = master;
				kind = branch;
			};
		};
/* End XCRemoteSwiftPackageReference section */

/* Begin XCSwiftPackageProductDependency section */
		9E9E2E312AD8196800999AA3 /* Kingfisher */ = {
			isa = XCSwiftPackageProductDependency;
			package = 9E9E2E302AD8196800999AA3 /* XCRemoteSwiftPackageReference "Kingfisher" */;
			productName = Kingfisher;
		};
		9E9E2E372AD81A4500999AA3 /* Alamofire */ = {
			isa = XCSwiftPackageProductDependency;
			package = 9E9E2E362AD81A4500999AA3 /* XCRemoteSwiftPackageReference "Alamofire" */;
			productName = Alamofire;
		};
/* End XCSwiftPackageProductDependency section */
	};
	rootObject = 9E65586C2AD6C8FF00FCA92C /* Project object */;
}
